
Microsoft Visual Studio Solution File, Format Version 12.00
# Visual Studio Version 17
VisualStudioVersion = 17.13.35919.96 d17.13
MinimumVisualStudioVersion = 10.0.40219.1
Project("{FAE04EC0-301F-11D3-BF4B-00C04F79EFBC}") = "GestEase", "GestEase.csproj", "{761E755E-930B-4A80-9FE7-9B4D50089C5D}"
EndProject
Global
	GlobalSection(SolutionConfigurationPlatforms) = preSolution
		Debug|Any CPU = Debug|Any CPU
		Release|Any CPU = Release|Any CPU
	EndGlobalSection
	GlobalSection(ProjectConfigurationPlatforms) = postSolution
		{761E755E-930B-4A80-9FE7-9B4D50089C5D}.Debug|Any CPU.ActiveCfg = Debug|Any CPU
		{761E755E-930B-4A80-9FE7-9B4D50089C5D}.Debug|Any CPU.Build.0 = Debug|Any CPU
		{761E755E-930B-4A80-9FE7-9B4D50089C5D}.Release|Any CPU.ActiveCfg = Release|Any CPU
		{761E755E-930B-4A80-9FE7-9B4D50089C5D}.Release|Any CPU.Build.0 = Release|Any CPU
	EndGlobalSection
	GlobalSection(SolutionProperties) = preSolution
		HideSolutionNode = FALSE
	EndGlobalSection
	GlobalSection(ExtensibilityGlobals) = postSolution
		SolutionGuid = {2977F15B-3DEA-4ACB-9D6F-3857C7666EC8}
	EndGlobalSection
EndGlobal
